
Microsoft Visual Studio Solution File, Format Version 12.00
# Visual Studio Version 17
VisualStudioVersion = 17.4.33110.190
MinimumVisualStudioVersion = 10.0.40219.1
Project("{FAE04EC0-301F-11D3-BF4B-00C04F79EFBC}") = "XFMediaElementSampleDemo.Android", "XFMediaElementSampleDemo\XFMediaElementSampleDemo.Android\XFMediaElementSampleDemo.Android.csproj", "{64955767-F430-4D1D-B8A2-6F5E303E805D}"
EndProject
Project("{FAE04EC0-301F-11D3-BF4B-00C04F79EFBC}") = "XFMediaElementSampleDemo.iOS", "XFMediaElementSampleDemo\XFMediaElementSampleDemo.iOS\XFMediaElementSampleDemo.iOS.csproj", "{A1739591-0699-4CED-8887-634F58C6D0B7}"
EndProject
Project("{FAE04EC0-301F-11D3-BF4B-00C04F79EFBC}") = "XFMediaElementSampleDemo", "XFMediaElementSampleDemo\XFMediaElementSampleDemo\XFMediaElementSampleDemo.csproj", "{E0860D37-6EB6-4D7D-A794-3EB2FA199414}"
EndProject
Global
	GlobalSection(SolutionConfigurationPlatforms) = preSolution
		Debug|Any CPU = Debug|Any CPU
		Debug|iPhone = Debug|iPhone
		Debug|iPhoneSimulator = Debug|iPhoneSimulator
		Release|Any CPU = Release|Any CPU
		Release|iPhone = Release|iPhone
		Release|iPhoneSimulator = Release|iPhoneSimulator
	EndGlobalSection
	GlobalSection(ProjectConfigurationPlatforms) = postSolution
		{64955767-F430-4D1D-B8A2-6F5E303E805D}.Debug|Any CPU.ActiveCfg = Debug|Any CPU
		{64955767-F430-4D1D-B8A2-6F5E303E805D}.Debug|Any CPU.Build.0 = Debug|Any CPU
		{64955767-F430-4D1D-B8A2-6F5E303E805D}.Debug|Any CPU.Deploy.0 = Debug|Any CPU
		{64955767-F430-4D1D-B8A2-6F5E303E805D}.Debug|iPhone.ActiveCfg = Debug|Any CPU
		{64955767-F430-4D1D-B8A2-6F5E303E805D}.Debug|iPhone.Build.0 = Debug|Any CPU
		{64955767-F430-4D1D-B8A2-6F5E303E805D}.Debug|iPhone.Deploy.0 = Debug|Any CPU
		{64955767-F430-4D1D-B8A2-6F5E303E805D}.Debug|iPhoneSimulator.ActiveCfg = Debug|Any CPU
		{64955767-F430-4D1D-B8A2-6F5E303E805D}.Debug|iPhoneSimulator.Build.0 = Debug|Any CPU
		{64955767-F430-4D1D-B8A2-6F5E303E805D}.Debug|iPhoneSimulator.Deploy.0 = Debug|Any CPU
		{64955767-F430-4D1D-B8A2-6F5E303E805D}.Release|Any CPU.ActiveCfg = Release|Any CPU
		{64955767-F430-4D1D-B8A2-6F5E303E805D}.Release|Any CPU.Build.0 = Release|Any CPU
		{64955767-F430-4D1D-B8A2-6F5E303E805D}.Release|Any CPU.Deploy.0 = Release|Any CPU
		{64955767-F430-4D1D-B8A2-6F5E303E805D}.Release|iPhone.ActiveCfg = Release|Any CPU
		{64955767-F430-4D1D-B8A2-6F5E303E805D}.Release|iPhone.Build.0 = Release|Any CPU
		{64955767-F430-4D1D-B8A2-6F5E303E805D}.Release|iPhone.Deploy.0 = Release|Any CPU
		{64955767-F430-4D1D-B8A2-6F5E303E805D}.Release|iPhoneSimulator.ActiveCfg = Release|Any CPU
		{64955767-F430-4D1D-B8A2-6F5E303E805D}.Release|iPhoneSimulator.Build.0 = Release|Any CPU
		{64955767-F430-4D1D-B8A2-6F5E303E805D}.Release|iPhoneSimulator.Deploy.0 = Release|Any CPU
		{A1739591-0699-4CED-8887-634F58C6D0B7}.Debug|Any CPU.ActiveCfg = Debug|iPhone
		{A1739591-0699-4CED-8887-634F58C6D0B7}.Debug|Any CPU.Build.0 = Debug|iPhone
		{A1739591-0699-4CED-8887-634F58C6D0B7}.Debug|Any CPU.Deploy.0 = Debug|iPhone
		{A1739591-0699-4CED-8887-634F58C6D0B7}.Debug|iPhone.ActiveCfg = Debug|iPhone
		{A1739591-0699-4CED-8887-634F58C6D0B7}.Debug|iPhone.Build.0 = Debug|iPhone
		{A1739591-0699-4CED-8887-634F58C6D0B7}.Debug|iPhone.Deploy.0 = Debug|iPhone
		{A1739591-0699-4CED-8887-634F58C6D0B7}.Debug|iPhoneSimulator.ActiveCfg = Debug|iPhoneSimulator
		{A1739591-0699-4CED-8887-634F58C6D0B7}.Debug|iPhoneSimulator.Build.0 = Debug|iPhoneSimulator
		{A1739591-0699-4CED-8887-634F58C6D0B7}.Debug|iPhoneSimulator.Deploy.0 = Debug|iPhoneSimulator
		{A1739591-0699-4CED-8887-634F58C6D0B7}.Release|Any CPU.ActiveCfg = Release|iPhoneSimulator
		{A1739591-0699-4CED-8887-634F58C6D0B7}.Release|Any CPU.Build.0 = Release|iPhoneSimulator
		{A1739591-0699-4CED-8887-634F58C6D0B7}.Release|Any CPU.Deploy.0 = Release|iPhoneSimulator
		{A1739591-0699-4CED-8887-634F58C6D0B7}.Release|iPhone.ActiveCfg = Release|iPhone
		{A1739591-0699-4CED-8887-634F58C6D0B7}.Release|iPhone.Build.0 = Release|iPhone
		{A1739591-0699-4CED-8887-634F58C6D0B7}.Release|iPhone.Deploy.0 = Release|iPhone
		{A1739591-0699-4CED-8887-634F58C6D0B7}.Release|iPhoneSimulator.ActiveCfg = Release|iPhoneSimulator
		{A1739591-0699-4CED-8887-634F58C6D0B7}.Release|iPhoneSimulator.Build.0 = Release|iPhoneSimulator
		{A1739591-0699-4CED-8887-634F58C6D0B7}.Release|iPhoneSimulator.Deploy.0 = Release|iPhoneSimulator
		{E0860D37-6EB6-4D7D-A794-3EB2FA199414}.Debug|Any CPU.ActiveCfg = Debug|Any CPU
		{E0860D37-6EB6-4D7D-A794-3EB2FA199414}.Debug|Any CPU.Build.0 = Debug|Any CPU
		{E0860D37-6EB6-4D7D-A794-3EB2FA199414}.Debug|Any CPU.Deploy.0 = Debug|Any CPU
		{E0860D37-6EB6-4D7D-A794-3EB2FA199414}.Debug|iPhone.ActiveCfg = Debug|Any CPU
		{E0860D37-6EB6-4D7D-A794-3EB2FA199414}.Debug|iPhone.Build.0 = Debug|Any CPU
		{E0860D37-6EB6-4D7D-A794-3EB2FA199414}.Debug|iPhone.Deploy.0 = Debug|Any CPU
		{E0860D37-6EB6-4D7D-A794-3EB2FA199414}.Debug|iPhoneSimulator.ActiveCfg = Debug|Any CPU
		{E0860D37-6EB6-4D7D-A794-3EB2FA199414}.Debug|iPhoneSimulator.Build.0 = Debug|Any CPU
		{E0860D37-6EB6-4D7D-A794-3EB2FA199414}.Debug|iPhoneSimulator.Deploy.0 = Debug|Any CPU
		{E0860D37-6EB6-4D7D-A794-3EB2FA199414}.Release|Any CPU.ActiveCfg = Release|Any CPU
		{E0860D37-6EB6-4D7D-A794-3EB2FA199414}.Release|Any CPU.Build.0 = Release|Any CPU
		{E0860D37-6EB6-4D7D-A794-3EB2FA199414}.Release|Any CPU.Deploy.0 = Release|Any CPU
		{E0860D37-6EB6-4D7D-A794-3EB2FA199414}.Release|iPhone.ActiveCfg = Release|Any CPU
		{E0860D37-6EB6-4D7D-A794-3EB2FA199414}.Release|iPhone.Build.0 = Release|Any CPU
		{E0860D37-6EB6-4D7D-A794-3EB2FA199414}.Release|iPhone.Deploy.0 = Release|Any CPU
		{E0860D37-6EB6-4D7D-A794-3EB2FA199414}.Release|iPhoneSimulator.ActiveCfg = Release|Any CPU
		{E0860D37-6EB6-4D7D-A794-3EB2FA199414}.Release|iPhoneSimulator.Build.0 = Release|Any CPU
		{E0860D37-6EB6-4D7D-A794-3EB2FA199414}.Release|iPhoneSimulator.Deploy.0 = Release|Any CPU
	EndGlobalSection
	GlobalSection(SolutionProperties) = preSolution
		HideSolutionNode = FALSE
	EndGlobalSection
	GlobalSection(ExtensibilityGlobals) = postSolution
		SolutionGuid = {5A7F6F0F-3AFA-491F-9529-677F4F6B187E}
	EndGlobalSection
EndGlobal
